{
  "name": "doc-ocr-app",
  "version": "1.0.0",
  "lockfileVersion": 3,
  "requires": true,
  "packages": {
    "": {
      "name": "doc-ocr-app",
      "version": "1.0.0",
      "dependencies": {
        "dotenv": "^16.5.0",
        "pdf-poppler": "^0.2.1"
      },
      "engines": {
        "node": ">=16.0.0"
      }
    },
    "node_modules/dotenv": {
      "version": "16.5.0",
      "resolved": "https://registry.npmjs.org/dotenv/-/dotenv-16.5.0.tgz",
      "integrity": "sha512-m/C+AwOAr9/W1UOIZUo232ejMNnJAJtYQjUbHoNTBNTJSvqzzDh7vnrei3o3r3m9blf6ZoDkvcw0VmozNRFJxg==",
      "license": "BSD-2-Clause",
      "engines": {
        "node": ">=12"
      },
      "funding": {
        "url": "https://dotenvx.com"
      }
    },
    "node_modules/pdf-poppler": {
      "version": "0.2.1",
      "resolved": "https://registry.npmjs.org/pdf-poppler/-/pdf-poppler-0.2.1.tgz",
      "integrity": "sha512-ilrm02mfsha1pR1wmiVKNRIkjvSo70gorg3DIPOzCl6pFU5S39z+gTHLiwIKn808H4YVYVnm6JstUhGNfiGKXg==",
      "license": "ISC"
    }
  }
}
